
Microsoft Visual Studio Solution File, Format Version 12.00
# Visual Studio Version 17
VisualStudioVersion = 17.7.34031.279
MinimumVisualStudioVersion = 10.0.40219.1
Project("{FAE04EC0-301F-11D3-BF4B-00C04F79EFBC}") = "Restaurant", "Restaurant\Restaurant.csproj", "{9658D675-C958-4E89-8530-452D6944E9E9}"
EndProject
Global
	GlobalSection(SolutionConfigurationPlatforms) = preSolution
		Debug|Any CPU = Debug|Any CPU
		Release|Any CPU = Release|Any CPU
	EndGlobalSection
	GlobalSection(ProjectConfigurationPlatforms) = postSolution
		{9658D675-C958-4E89-8530-452D6944E9E9}.Debug|Any CPU.ActiveCfg = Debug|Any CPU
		{9658D675-C958-4E89-8530-452D6944E9E9}.Debug|Any CPU.Build.0 = Debug|Any CPU
		{9658D675-C958-4E89-8530-452D6944E9E9}.Release|Any CPU.ActiveCfg = Release|Any CPU
		{9658D675-C958-4E89-8530-452D6944E9E9}.Release|Any CPU.Build.0 = Release|Any CPU
	EndGlobalSection
	GlobalSection(SolutionProperties) = preSolution
		HideSolutionNode = FALSE
	EndGlobalSection
	GlobalSection(ExtensibilityGlobals) = postSolution
		SolutionGuid = {86DA9FAB-68BC-46AE-B0C2-93DB1A83424D}
	EndGlobalSection
EndGlobal
